schema: '2.0'
stages:
  make_dataset:
    cmd: python src/make_dataset.py
    outs:
    - path: data/iris.csv
      hash: md5
      md5: 5800fdd9aef31a98bc4ff239783be831
      size: 4029
  train:
    cmd: python src/train.py
    deps:
    - path: data/iris.csv
      hash: md5
      md5: 5800fdd9aef31a98bc4ff239783be831
      size: 4029
    - path: src/train.py
      hash: md5
      md5: 298b9c654482651f0fed0679393d552f
      size: 1769
  evaluate:
    cmd: python src/evaluate.py
    deps:
    - path: data/iris.csv
      hash: md5
      md5: 5800fdd9aef31a98bc4ff239783be831
      size: 4029
    - path: src/evaluate.py
      hash: md5
      md5: b7773592cfa9995c1f16296618ec7365
      size: 1071
